
Microsoft Visual Studio Solution File, Format Version 11.00
# Visual Studio 2010
Project("{FAE04EC0-301F-11D3-BF4B-00C04F79EFBC}") = "RippleDemo.Web", "RippleDemo.Web\RippleDemo.Web.csproj", "{502545C1-2722-4839-AC88-E8F2A300BA95}"
EndProject
Project("{2150E333-8FDC-42A3-9474-1A3956D46DE8}") = "Build", "Build", "{D178735A-491C-47D7-B023-436840FC74FF}"
	ProjectSection(SolutionItems) = preProject
		..\rakefile.rb = ..\rakefile.rb
		..\ripple.config = ..\ripple.config
		..\VERSION.txt = ..\VERSION.txt
	EndProjectSection
EndProject
Global
	GlobalSection(SolutionConfigurationPlatforms) = preSolution
		Debug|Any CPU = Debug|Any CPU
		Release|Any CPU = Release|Any CPU
	EndGlobalSection
	GlobalSection(ProjectConfigurationPlatforms) = postSolution
		{502545C1-2722-4839-AC88-E8F2A300BA95}.Debug|Any CPU.ActiveCfg = Debug|Any CPU
		{502545C1-2722-4839-AC88-E8F2A300BA95}.Debug|Any CPU.Build.0 = Debug|Any CPU
		{502545C1-2722-4839-AC88-E8F2A300BA95}.Release|Any CPU.ActiveCfg = Release|Any CPU
		{502545C1-2722-4839-AC88-E8F2A300BA95}.Release|Any CPU.Build.0 = Release|Any CPU
	EndGlobalSection
	GlobalSection(SolutionProperties) = preSolution
		HideSolutionNode = FALSE
	EndGlobalSection
EndGlobal
